
Microsoft Visual Studio Solution File, Format Version 12.00
# Visual Studio Version 16
VisualStudioVersion = 16.0.29102.190
MinimumVisualStudioVersion = 10.0.40219.1
Project("{9A19103F-16F7-4668-BE54-9A1E7A4F7556}") = "ClientCredentialsConsole", "ServiceAccountConsole\ClientCredentialsConsole.csproj", "{6CF74AF3-AAC5-4A7A-87F0-C00E5E56D033}"
EndProject
Project("{9A19103F-16F7-4668-BE54-9A1E7A4F7556}") = "HybridMVC.Core", "HybridMVC.Core\HybridMVC.Core.csproj", "{651DD8F4-D61D-41D7-862B-11287936B751}"
EndProject
Project("{FAE04EC0-301F-11D3-BF4B-00C04F79EFBC}") = "HybridAndClientCredentials.Clasic", "HybridAndClientCredentials.Clasic\HybridAndClientCredentials.Clasic.csproj", "{53F688C4-97A3-4253-B79C-41E3EA6352FF}"
EndProject
Project("{9A19103F-16F7-4668-BE54-9A1E7A4F7556}") = "ImplicitMVC.Core", "ImplicitMVC.Core\ImplicitMVC.Core.csproj", "{FABC955B-1563-4152-B3C5-B2FB30183892}"
EndProject
Global
	GlobalSection(SolutionConfigurationPlatforms) = preSolution
		Debug|Any CPU = Debug|Any CPU
		Release|Any CPU = Release|Any CPU
	EndGlobalSection
	GlobalSection(ProjectConfigurationPlatforms) = postSolution
		{6CF74AF3-AAC5-4A7A-87F0-C00E5E56D033}.Debug|Any CPU.ActiveCfg = Debug|Any CPU
		{6CF74AF3-AAC5-4A7A-87F0-C00E5E56D033}.Debug|Any CPU.Build.0 = Debug|Any CPU
		{6CF74AF3-AAC5-4A7A-87F0-C00E5E56D033}.Release|Any CPU.ActiveCfg = Release|Any CPU
		{6CF74AF3-AAC5-4A7A-87F0-C00E5E56D033}.Release|Any CPU.Build.0 = Release|Any CPU
		{651DD8F4-D61D-41D7-862B-11287936B751}.Debug|Any CPU.ActiveCfg = Debug|Any CPU
		{651DD8F4-D61D-41D7-862B-11287936B751}.Debug|Any CPU.Build.0 = Debug|Any CPU
		{651DD8F4-D61D-41D7-862B-11287936B751}.Release|Any CPU.ActiveCfg = Release|Any CPU
		{651DD8F4-D61D-41D7-862B-11287936B751}.Release|Any CPU.Build.0 = Release|Any CPU
		{53F688C4-97A3-4253-B79C-41E3EA6352FF}.Debug|Any CPU.ActiveCfg = Debug|Any CPU
		{53F688C4-97A3-4253-B79C-41E3EA6352FF}.Debug|Any CPU.Build.0 = Debug|Any CPU
		{53F688C4-97A3-4253-B79C-41E3EA6352FF}.Release|Any CPU.ActiveCfg = Release|Any CPU
		{53F688C4-97A3-4253-B79C-41E3EA6352FF}.Release|Any CPU.Build.0 = Release|Any CPU
		{FABC955B-1563-4152-B3C5-B2FB30183892}.Debug|Any CPU.ActiveCfg = Debug|Any CPU
		{FABC955B-1563-4152-B3C5-B2FB30183892}.Debug|Any CPU.Build.0 = Debug|Any CPU
		{FABC955B-1563-4152-B3C5-B2FB30183892}.Release|Any CPU.ActiveCfg = Release|Any CPU
		{FABC955B-1563-4152-B3C5-B2FB30183892}.Release|Any CPU.Build.0 = Release|Any CPU
	EndGlobalSection
	GlobalSection(SolutionProperties) = preSolution
		HideSolutionNode = FALSE
	EndGlobalSection
	GlobalSection(ExtensibilityGlobals) = postSolution
		SolutionGuid = {08A43D98-17B9-4C14-9789-DDD2D0E9A82D}
	EndGlobalSection
EndGlobal
